
Microsoft Visual Studio Solution File, Format Version 12.00
# Visual Studio Version 16
VisualStudioVersion = 16.0.29411.108
MinimumVisualStudioVersion = 10.0.40219.1
Project("{FAE04EC0-301F-11D3-BF4B-00C04F79EFBC}") = "BookListMVC", "BookListMVC\BookListMVC.csproj", "{09265ACF-5966-49D3-9E82-DEAA269863DD}"
EndProject
Project("{FAE04EC0-301F-11D3-BF4B-00C04F79EFBC}") = "BookListMVC.Domain", "BookListMVC.Domain\BookListMVC.Domain.csproj", "{33EEE9DF-9232-45E4-812F-7EC81BDBA3F0}"
EndProject
Project("{FAE04EC0-301F-11D3-BF4B-00C04F79EFBC}") = "BookListMVC.Infra.Data", "BookListMVC.Infra.Data\BookListMVC.Infra.Data.csproj", "{107AB624-C144-469F-A235-DC1487481787}"
EndProject
Global
	GlobalSection(SolutionConfigurationPlatforms) = preSolution
		Debug|Any CPU = Debug|Any CPU
		Release|Any CPU = Release|Any CPU
	EndGlobalSection
	GlobalSection(ProjectConfigurationPlatforms) = postSolution
		{09265ACF-5966-49D3-9E82-DEAA269863DD}.Debug|Any CPU.ActiveCfg = Debug|Any CPU
		{09265ACF-5966-49D3-9E82-DEAA269863DD}.Debug|Any CPU.Build.0 = Debug|Any CPU
		{09265ACF-5966-49D3-9E82-DEAA269863DD}.Release|Any CPU.ActiveCfg = Release|Any CPU
		{09265ACF-5966-49D3-9E82-DEAA269863DD}.Release|Any CPU.Build.0 = Release|Any CPU
		{33EEE9DF-9232-45E4-812F-7EC81BDBA3F0}.Debug|Any CPU.ActiveCfg = Debug|Any CPU
		{33EEE9DF-9232-45E4-812F-7EC81BDBA3F0}.Debug|Any CPU.Build.0 = Debug|Any CPU
		{33EEE9DF-9232-45E4-812F-7EC81BDBA3F0}.Release|Any CPU.ActiveCfg = Release|Any CPU
		{33EEE9DF-9232-45E4-812F-7EC81BDBA3F0}.Release|Any CPU.Build.0 = Release|Any CPU
		{107AB624-C144-469F-A235-DC1487481787}.Debug|Any CPU.ActiveCfg = Debug|Any CPU
		{107AB624-C144-469F-A235-DC1487481787}.Debug|Any CPU.Build.0 = Debug|Any CPU
		{107AB624-C144-469F-A235-DC1487481787}.Release|Any CPU.ActiveCfg = Release|Any CPU
		{107AB624-C144-469F-A235-DC1487481787}.Release|Any CPU.Build.0 = Release|Any CPU
	EndGlobalSection
	GlobalSection(SolutionProperties) = preSolution
		HideSolutionNode = FALSE
	EndGlobalSection
	GlobalSection(ExtensibilityGlobals) = postSolution
		SolutionGuid = {B536D9E5-571F-424C-8F79-9F2342A2737D}
	EndGlobalSection
EndGlobal
